
Microsoft Visual Studio Solution File, Format Version 12.00
# Visual Studio Version 17
VisualStudioVersion = 17.0.31903.59
MinimumVisualStudioVersion = 10.0.40219.1
Project("{FAE04EC0-301F-11D3-BF4B-00C04F79EFBC}") = "ConsoleApp", "ConsoleApp\ConsoleApp.csproj", "{6A22AB09-FF90-4EDB-BF4A-076BDCE405D8}"
EndProject
Project("{FAE04EC0-301F-11D3-BF4B-00C04F79EFBC}") = "AlgoLib", "AlgoLib\AlgoLib.csproj", "{A2480412-797D-41CC-A093-48490C3CFBFA}"
EndProject
Project("{FAE04EC0-301F-11D3-BF4B-00C04F79EFBC}") = "AlgoLib.Tests", "AlgoLib.Tests\AlgoLib.Tests.csproj", "{F1E28611-DEC1-47D2-BA2A-2DD2ADF78970}"
EndProject
Project("{FAE04EC0-301F-11D3-BF4B-00C04F79EFBC}") = "StdLib", "StdLib\StdLib.csproj", "{5C269FC3-1F7D-4B27-919E-3CC46CAB17CE}"
EndProject
Global
	GlobalSection(SolutionConfigurationPlatforms) = preSolution
		Debug|Any CPU = Debug|Any CPU
		Release|Any CPU = Release|Any CPU
	EndGlobalSection
	GlobalSection(SolutionProperties) = preSolution
		HideSolutionNode = FALSE
	EndGlobalSection
	GlobalSection(ProjectConfigurationPlatforms) = postSolution
		{6A22AB09-FF90-4EDB-BF4A-076BDCE405D8}.Debug|Any CPU.ActiveCfg = Debug|Any CPU
		{6A22AB09-FF90-4EDB-BF4A-076BDCE405D8}.Debug|Any CPU.Build.0 = Debug|Any CPU
		{6A22AB09-FF90-4EDB-BF4A-076BDCE405D8}.Release|Any CPU.ActiveCfg = Release|Any CPU
		{6A22AB09-FF90-4EDB-BF4A-076BDCE405D8}.Release|Any CPU.Build.0 = Release|Any CPU
		{A2480412-797D-41CC-A093-48490C3CFBFA}.Debug|Any CPU.ActiveCfg = Debug|Any CPU
		{A2480412-797D-41CC-A093-48490C3CFBFA}.Debug|Any CPU.Build.0 = Debug|Any CPU
		{A2480412-797D-41CC-A093-48490C3CFBFA}.Release|Any CPU.ActiveCfg = Release|Any CPU
		{A2480412-797D-41CC-A093-48490C3CFBFA}.Release|Any CPU.Build.0 = Release|Any CPU
		{F1E28611-DEC1-47D2-BA2A-2DD2ADF78970}.Debug|Any CPU.ActiveCfg = Debug|Any CPU
		{F1E28611-DEC1-47D2-BA2A-2DD2ADF78970}.Debug|Any CPU.Build.0 = Debug|Any CPU
		{F1E28611-DEC1-47D2-BA2A-2DD2ADF78970}.Release|Any CPU.ActiveCfg = Release|Any CPU
		{F1E28611-DEC1-47D2-BA2A-2DD2ADF78970}.Release|Any CPU.Build.0 = Release|Any CPU
		{5C269FC3-1F7D-4B27-919E-3CC46CAB17CE}.Debug|Any CPU.ActiveCfg = Debug|Any CPU
		{5C269FC3-1F7D-4B27-919E-3CC46CAB17CE}.Debug|Any CPU.Build.0 = Debug|Any CPU
		{5C269FC3-1F7D-4B27-919E-3CC46CAB17CE}.Release|Any CPU.ActiveCfg = Release|Any CPU
		{5C269FC3-1F7D-4B27-919E-3CC46CAB17CE}.Release|Any CPU.Build.0 = Release|Any CPU
	EndGlobalSection
EndGlobal
